{
  "name": "callx402",
  "version": "1.0.3",
  "lockfileVersion": 3,
  "requires": true,
  "packages": {
    "": {
      "name": "callx402",
      "version": "1.0.3",
      "license": "MIT",
      "bin": {
        "callx402": "bin/callx402.js"
      },
      "engines": {
        "node": ">=18"
      }
    }
  }
}
